
Microsoft Visual Studio Solution File, Format Version 12.00
# Visual Studio Version 16
VisualStudioVersion = 16.0.30011.22
MinimumVisualStudioVersion = 10.0.40219.1
Project("{9A19103F-16F7-4668-BE54-9A1E7A4F7556}") = "Shone.Math.Net5", "Shone.Math.Net5.csproj", "{3DA9D9F9-79D0-496D-A9B5-4139EC715833}"
EndProject
Project("{9A19103F-16F7-4668-BE54-9A1E7A4F7556}") = "Shone.Math.Net5Test", "Test\Shone.Math.Net5Test.csproj", "{B3E0E913-BC49-4D3B-95F0-35E843149974}"
EndProject
Project("{FAE04EC0-301F-11D3-BF4B-00C04F79EFBC}") = "Shone.Math.Net4", "Src\Shone.Math.Net4.csproj", "{69A628B3-B5AC-4AB6-AC68-96F6AF0592C5}"
EndProject
Global
	GlobalSection(SolutionConfigurationPlatforms) = preSolution
		Debug|Any CPU = Debug|Any CPU
		Release|Any CPU = Release|Any CPU
	EndGlobalSection
	GlobalSection(ProjectConfigurationPlatforms) = postSolution
		{3DA9D9F9-79D0-496D-A9B5-4139EC715833}.Debug|Any CPU.ActiveCfg = Debug|Any CPU
		{3DA9D9F9-79D0-496D-A9B5-4139EC715833}.Debug|Any CPU.Build.0 = Debug|Any CPU
		{3DA9D9F9-79D0-496D-A9B5-4139EC715833}.Release|Any CPU.ActiveCfg = Release|Any CPU
		{3DA9D9F9-79D0-496D-A9B5-4139EC715833}.Release|Any CPU.Build.0 = Release|Any CPU
		{B3E0E913-BC49-4D3B-95F0-35E843149974}.Debug|Any CPU.ActiveCfg = Debug|Any CPU
		{B3E0E913-BC49-4D3B-95F0-35E843149974}.Debug|Any CPU.Build.0 = Debug|Any CPU
		{B3E0E913-BC49-4D3B-95F0-35E843149974}.Release|Any CPU.ActiveCfg = Release|Any CPU
		{B3E0E913-BC49-4D3B-95F0-35E843149974}.Release|Any CPU.Build.0 = Release|Any CPU
		{69A628B3-B5AC-4AB6-AC68-96F6AF0592C5}.Debug|Any CPU.ActiveCfg = Debug|Any CPU
		{69A628B3-B5AC-4AB6-AC68-96F6AF0592C5}.Debug|Any CPU.Build.0 = Debug|Any CPU
		{69A628B3-B5AC-4AB6-AC68-96F6AF0592C5}.Release|Any CPU.ActiveCfg = Release|Any CPU
		{69A628B3-B5AC-4AB6-AC68-96F6AF0592C5}.Release|Any CPU.Build.0 = Release|Any CPU
	EndGlobalSection
	GlobalSection(SolutionProperties) = preSolution
		HideSolutionNode = FALSE
	EndGlobalSection
	GlobalSection(ExtensibilityGlobals) = postSolution
		SolutionGuid = {1D71D2D8-B710-4D6B-9C93-B32E7D93A86F}
	EndGlobalSection
EndGlobal
